
Microsoft Visual Studio Solution File, Format Version 12.00
# Visual Studio Version 17
VisualStudioVersion = 17.8.34330.188
MinimumVisualStudioVersion = 10.0.40219.1
Project("{FAE04EC0-301F-11D3-BF4B-00C04F79EFBC}") = "photo-scrapper", "photo-scrapper\photo-scrapper.csproj", "{1D846A48-1773-419E-8334-EE026ADDD780}"
EndProject
Global
	GlobalSection(SolutionConfigurationPlatforms) = preSolution
		Debug|Any CPU = Debug|Any CPU
		Release|Any CPU = Release|Any CPU
	EndGlobalSection
	GlobalSection(ProjectConfigurationPlatforms) = postSolution
		{1D846A48-1773-419E-8334-EE026ADDD780}.Debug|Any CPU.ActiveCfg = Debug|Any CPU
		{1D846A48-1773-419E-8334-EE026ADDD780}.Debug|Any CPU.Build.0 = Debug|Any CPU
		{1D846A48-1773-419E-8334-EE026ADDD780}.Release|Any CPU.ActiveCfg = Release|Any CPU
		{1D846A48-1773-419E-8334-EE026ADDD780}.Release|Any CPU.Build.0 = Release|Any CPU
	EndGlobalSection
	GlobalSection(SolutionProperties) = preSolution
		HideSolutionNode = FALSE
	EndGlobalSection
	GlobalSection(ExtensibilityGlobals) = postSolution
		SolutionGuid = {3BDAAB7F-CDC1-4060-B380-007EA6C4BED0}
	EndGlobalSection
EndGlobal
